
Microsoft Visual Studio Solution File, Format Version 12.00
# Visual Studio Version 16
VisualStudioVersion = 25.0.1704.5
MinimumVisualStudioVersion = 10.0.40219.1
Project("{FAE04EC0-301F-11D3-BF4B-00C04F79EFBC}") = "usecaseforsmartenop", "usecaseforsmartenop\usecaseforsmartenop.csproj", "{B225CBB5-F4DD-4FDB-B3AE-0A5720781573}"
EndProject
Global
	GlobalSection(SolutionConfigurationPlatforms) = preSolution
		Debug|Any CPU = Debug|Any CPU
		Release|Any CPU = Release|Any CPU
	EndGlobalSection
	GlobalSection(ProjectConfigurationPlatforms) = postSolution
		{B225CBB5-F4DD-4FDB-B3AE-0A5720781573}.Debug|Any CPU.ActiveCfg = Debug|Any CPU
		{B225CBB5-F4DD-4FDB-B3AE-0A5720781573}.Debug|Any CPU.Build.0 = Debug|Any CPU
		{B225CBB5-F4DD-4FDB-B3AE-0A5720781573}.Release|Any CPU.ActiveCfg = Release|Any CPU
		{B225CBB5-F4DD-4FDB-B3AE-0A5720781573}.Release|Any CPU.Build.0 = Release|Any CPU
	EndGlobalSection
	GlobalSection(SolutionProperties) = preSolution
		HideSolutionNode = FALSE
	EndGlobalSection
	GlobalSection(ExtensibilityGlobals) = postSolution
		SolutionGuid = {01DD75BE-51AF-4303-8762-B461A284114B}
	EndGlobalSection
EndGlobal
